
Microsoft Visual Studio Solution File, Format Version 12.00
# Visual Studio 15
VisualStudioVersion = 15.0.28307.757
MinimumVisualStudioVersion = 10.0.40219.1
Project("{FAE04EC0-301F-11D3-BF4B-00C04F79EFBC}") = "SudokuGame", "SudokuGame.csproj", "{64014C8D-9610-49AA-925F-3CAB7296AFDA}"
EndProject
Project("{FAE04EC0-301F-11D3-BF4B-00C04F79EFBC}") = "SudokuGameTest", "SudokuTest\SudokuGameTest.csproj", "{BB63AEC9-FD85-4441-B950-86F3189AF005}"
EndProject
Global
	GlobalSection(SolutionConfigurationPlatforms) = preSolution
		Debug|Any CPU = Debug|Any CPU
		Release|Any CPU = Release|Any CPU
	EndGlobalSection
	GlobalSection(ProjectConfigurationPlatforms) = postSolution
		{64014C8D-9610-49AA-925F-3CAB7296AFDA}.Debug|Any CPU.ActiveCfg = Debug|Any CPU
		{64014C8D-9610-49AA-925F-3CAB7296AFDA}.Debug|Any CPU.Build.0 = Debug|Any CPU
		{64014C8D-9610-49AA-925F-3CAB7296AFDA}.Release|Any CPU.ActiveCfg = Release|Any CPU
		{64014C8D-9610-49AA-925F-3CAB7296AFDA}.Release|Any CPU.Build.0 = Release|Any CPU
		{BB63AEC9-FD85-4441-B950-86F3189AF005}.Debug|Any CPU.ActiveCfg = Debug|Any CPU
		{BB63AEC9-FD85-4441-B950-86F3189AF005}.Debug|Any CPU.Build.0 = Debug|Any CPU
		{BB63AEC9-FD85-4441-B950-86F3189AF005}.Release|Any CPU.ActiveCfg = Release|Any CPU
		{BB63AEC9-FD85-4441-B950-86F3189AF005}.Release|Any CPU.Build.0 = Release|Any CPU
	EndGlobalSection
	GlobalSection(SolutionProperties) = preSolution
		HideSolutionNode = FALSE
	EndGlobalSection
	GlobalSection(ExtensibilityGlobals) = postSolution
		SolutionGuid = {9138196C-3A5D-4A6E-B3DD-1D2C1F71F460}
	EndGlobalSection
EndGlobal
